lockfileVersion: '9.0'

settings:
  autoInstallPeers: true
  excludeLinksFromLockfile: false

importers:

  .:
    dependencies:
      uWebSockets.js:
        specifier: github:uNetworking/uWebSockets.js#v20.51.0
        version: https://codeload.github.com/uNetworking/uWebSockets.js/tar.gz/6609a88ffa9a16ac5158046761356ce03250a0df

packages:

  uWebSockets.js@https://codeload.github.com/uNetworking/uWebSockets.js/tar.gz/6609a88ffa9a16ac5158046761356ce03250a0df:
    resolution: {tarball: https://codeload.github.com/uNetworking/uWebSockets.js/tar.gz/6609a88ffa9a16ac5158046761356ce03250a0df}
    version: 20.51.0

snapshots:

  uWebSockets.js@https://codeload.github.com/uNetworking/uWebSockets.js/tar.gz/6609a88ffa9a16ac5158046761356ce03250a0df: {}
